
Microsoft Visual Studio Solution File, Format Version 12.00
# Visual Studio 15
VisualStudioVersion = 15.0.27004.2002
MinimumVisualStudioVersion = 10.0.40219.1
Project("{8BC9CEB8-8B4A-11D0-8D11-00A0C91BC942}") = "Factorial!", "Factorial!\Factorial!.vcxproj", "{D762A534-D426-41E4-9249-1DDAB42DCBDE}"
EndProject
Global
	GlobalSection(SolutionConfigurationPlatforms) = preSolution
		Debug|x64 = Debug|x64
		Debug|x86 = Debug|x86
		Release|x64 = Release|x64
		Release|x86 = Release|x86
	EndGlobalSection
	GlobalSection(ProjectConfigurationPlatforms) = postSolution
		{D762A534-D426-41E4-9249-1DDAB42DCBDE}.Debug|x64.ActiveCfg = Debug|x64
		{D762A534-D426-41E4-9249-1DDAB42DCBDE}.Debug|x64.Build.0 = Debug|x64
		{D762A534-D426-41E4-9249-1DDAB42DCBDE}.Debug|x86.ActiveCfg = Debug|Win32
		{D762A534-D426-41E4-9249-1DDAB42DCBDE}.Debug|x86.Build.0 = Debug|Win32
		{D762A534-D426-41E4-9249-1DDAB42DCBDE}.Release|x64.ActiveCfg = Release|x64
		{D762A534-D426-41E4-9249-1DDAB42DCBDE}.Release|x64.Build.0 = Release|x64
		{D762A534-D426-41E4-9249-1DDAB42DCBDE}.Release|x86.ActiveCfg = Release|Win32
		{D762A534-D426-41E4-9249-1DDAB42DCBDE}.Release|x86.Build.0 = Release|Win32
	EndGlobalSection
	GlobalSection(SolutionProperties) = preSolution
		HideSolutionNode = FALSE
	EndGlobalSection
	GlobalSection(ExtensibilityGlobals) = postSolution
		SolutionGuid = {80C8E158-4D23-44C9-8114-BEAA22EB1230}
	EndGlobalSection
EndGlobal
